
Microsoft Visual Studio Solution File, Format Version 12.00
# Visual Studio Version 17
VisualStudioVersion = 17.0.32014.148
MinimumVisualStudioVersion = 10.0.40219.1
Project("{FAE04EC0-301F-11D3-BF4B-00C04F79EFBC}") = "BookStore", "BookStore.csproj", "{8DAF53DF-497A-4E92-B247-4E9C88AC8477}"
EndProject
Global
	GlobalSection(SolutionConfigurationPlatforms) = preSolution
		Debug|Any CPU = Debug|Any CPU
		Release|Any CPU = Release|Any CPU
	EndGlobalSection
	GlobalSection(ProjectConfigurationPlatforms) = postSolution
		{8DAF53DF-497A-4E92-B247-4E9C88AC8477}.Debug|Any CPU.ActiveCfg = Debug|Any CPU
		{8DAF53DF-497A-4E92-B247-4E9C88AC8477}.Debug|Any CPU.Build.0 = Debug|Any CPU
		{8DAF53DF-497A-4E92-B247-4E9C88AC8477}.Release|Any CPU.ActiveCfg = Release|Any CPU
		{8DAF53DF-497A-4E92-B247-4E9C88AC8477}.Release|Any CPU.Build.0 = Release|Any CPU
	EndGlobalSection
	GlobalSection(SolutionProperties) = preSolution
		HideSolutionNode = FALSE
	EndGlobalSection
	GlobalSection(ExtensibilityGlobals) = postSolution
		SolutionGuid = {4A713C17-7A5A-49A0-B11C-E5D3E2A88744}
	EndGlobalSection
EndGlobal
